
Microsoft Visual Studio Solution File, Format Version 12.00
# Visual Studio Version 17
VisualStudioVersion = 17.2.32630.192
MinimumVisualStudioVersion = 10.0.40219.1
Project("{9A19103F-16F7-4668-BE54-9A1E7A4F7556}") = "metotlar", "metotlar\metotlar.csproj", "{7239F08E-5D7D-4E3D-A921-EF256CA17861}"
EndProject
Project("{9A19103F-16F7-4668-BE54-9A1E7A4F7556}") = "Matematik", "Matematik\Matematik.csproj", "{433A84DD-0B6F-4053-960D-83CF7D79D221}"
EndProject
Project("{FAE04EC0-301F-11D3-BF4B-00C04F79EFBC}") = "DegerVeReferansTipler", "DegerVeReferansTipler\DegerVeReferansTipler.csproj", "{67A5D5AD-D389-4A30-9A21-7B346641F433}"
EndProject
Global
	GlobalSection(SolutionConfigurationPlatforms) = preSolution
		Debug|Any CPU = Debug|Any CPU
		Release|Any CPU = Release|Any CPU
	EndGlobalSection
	GlobalSection(ProjectConfigurationPlatforms) = postSolution
		{7239F08E-5D7D-4E3D-A921-EF256CA17861}.Debug|Any CPU.ActiveCfg = Debug|Any CPU
		{7239F08E-5D7D-4E3D-A921-EF256CA17861}.Debug|Any CPU.Build.0 = Debug|Any CPU
		{7239F08E-5D7D-4E3D-A921-EF256CA17861}.Release|Any CPU.ActiveCfg = Release|Any CPU
		{7239F08E-5D7D-4E3D-A921-EF256CA17861}.Release|Any CPU.Build.0 = Release|Any CPU
		{433A84DD-0B6F-4053-960D-83CF7D79D221}.Debug|Any CPU.ActiveCfg = Debug|Any CPU
		{433A84DD-0B6F-4053-960D-83CF7D79D221}.Debug|Any CPU.Build.0 = Debug|Any CPU
		{433A84DD-0B6F-4053-960D-83CF7D79D221}.Release|Any CPU.ActiveCfg = Release|Any CPU
		{433A84DD-0B6F-4053-960D-83CF7D79D221}.Release|Any CPU.Build.0 = Release|Any CPU
		{67A5D5AD-D389-4A30-9A21-7B346641F433}.Debug|Any CPU.ActiveCfg = Debug|Any CPU
		{67A5D5AD-D389-4A30-9A21-7B346641F433}.Debug|Any CPU.Build.0 = Debug|Any CPU
		{67A5D5AD-D389-4A30-9A21-7B346641F433}.Release|Any CPU.ActiveCfg = Release|Any CPU
		{67A5D5AD-D389-4A30-9A21-7B346641F433}.Release|Any CPU.Build.0 = Release|Any CPU
	EndGlobalSection
	GlobalSection(SolutionProperties) = preSolution
		HideSolutionNode = FALSE
	EndGlobalSection
	GlobalSection(ExtensibilityGlobals) = postSolution
		SolutionGuid = {8B1EFBAF-F580-46EA-A909-3A479488648A}
	EndGlobalSection
EndGlobal
